
Microsoft Visual Studio Solution File, Format Version 12.00
# Visual Studio Version 16
VisualStudioVersion = 16.0.30907.101
MinimumVisualStudioVersion = 10.0.40219.1
Project("{9A19103F-16F7-4668-BE54-9A1E7A4F7556}") = "ProactiveBot", "ProactiveBot\ProactiveBot.csproj", "{AC06AA71-DB94-4470-BA6B-B629EADBD599}"
EndProject
Project("{FAE04EC0-301F-11D3-BF4B-00C04F79EFBC}") = "BotWebApi", "BotWebApi\BotWebApi.csproj", "{CCC02825-3F9D-4F1A-9B7E-4E01C54CCD6C}"
EndProject
Global
	GlobalSection(SolutionConfigurationPlatforms) = preSolution
		Debug|Any CPU = Debug|Any CPU
		Release|Any CPU = Release|Any CPU
	EndGlobalSection
	GlobalSection(ProjectConfigurationPlatforms) = postSolution
		{AC06AA71-DB94-4470-BA6B-B629EADBD599}.Debug|Any CPU.ActiveCfg = Debug|Any CPU
		{AC06AA71-DB94-4470-BA6B-B629EADBD599}.Debug|Any CPU.Build.0 = Debug|Any CPU
		{AC06AA71-DB94-4470-BA6B-B629EADBD599}.Release|Any CPU.ActiveCfg = Release|Any CPU
		{AC06AA71-DB94-4470-BA6B-B629EADBD599}.Release|Any CPU.Build.0 = Release|Any CPU
		{CCC02825-3F9D-4F1A-9B7E-4E01C54CCD6C}.Debug|Any CPU.ActiveCfg = Debug|Any CPU
		{CCC02825-3F9D-4F1A-9B7E-4E01C54CCD6C}.Debug|Any CPU.Build.0 = Debug|Any CPU
		{CCC02825-3F9D-4F1A-9B7E-4E01C54CCD6C}.Release|Any CPU.ActiveCfg = Release|Any CPU
		{CCC02825-3F9D-4F1A-9B7E-4E01C54CCD6C}.Release|Any CPU.Build.0 = Release|Any CPU
	EndGlobalSection
	GlobalSection(SolutionProperties) = preSolution
		HideSolutionNode = FALSE
	EndGlobalSection
	GlobalSection(ExtensibilityGlobals) = postSolution
		SolutionGuid = {052E3F35-4943-4F5E-AA37-2C79098B558D}
	EndGlobalSection
EndGlobal
